
Microsoft Visual Studio Solution File, Format Version 12.00
# Visual Studio Version 16
VisualStudioVersion = 16.0.31410.357
MinimumVisualStudioVersion = 10.0.40219.1
Project("{FAE04EC0-301F-11D3-BF4B-00C04F79EFBC}") = "Rectangles", "Rectangles\Rectangles.csproj", "{8E6D83B7-795A-46D1-B747-8D709AA41D59}"
EndProject
Global
	GlobalSection(SolutionConfigurationPlatforms) = preSolution
		Debug|Any CPU = Debug|Any CPU
		Release|Any CPU = Release|Any CPU
	EndGlobalSection
	GlobalSection(ProjectConfigurationPlatforms) = postSolution
		{8E6D83B7-795A-46D1-B747-8D709AA41D59}.Debug|Any CPU.ActiveCfg = Debug|Any CPU
		{8E6D83B7-795A-46D1-B747-8D709AA41D59}.Debug|Any CPU.Build.0 = Debug|Any CPU
		{8E6D83B7-795A-46D1-B747-8D709AA41D59}.Release|Any CPU.ActiveCfg = Release|Any CPU
		{8E6D83B7-795A-46D1-B747-8D709AA41D59}.Release|Any CPU.Build.0 = Release|Any CPU
	EndGlobalSection
	GlobalSection(SolutionProperties) = preSolution
		HideSolutionNode = FALSE
	EndGlobalSection
	GlobalSection(ExtensibilityGlobals) = postSolution
		SolutionGuid = {764FF462-A9B4-4E79-B278-D140EA1EAB51}
	EndGlobalSection
EndGlobal
